{
 "graph_lock": {
  "nodes": {
   "0": {
    "options": "hello:fPIC=True\nhello:shared=False",
    "requires": [
     "1"
    ],
    "path": "conanfile.py",
    "context": "host"
   },
   "1": {
    "ref": "hello/0.2@demo/lize",
    "options": "fPIC=True\nshared=False",
    "package_id": "b911f48570f9bb2902d9e83b2b9ebf9d376c8c56",
    "prev": "0",
    "modified": true,
    "context": "host"
   }
  },
  "revisions_enabled": false
 },
 "version": "0.4",
 "profile_host": "[settings]\narch=x86_64\narch_build=x86_64\nbuild_type=Release\ncompiler=gcc\ncompiler.libcxx=libstdc++11\ncompiler.version=9\nos=Linux\nos_build=Linux\n[options]\n[build_requires]\n[env]\n"
}